
Microsoft Visual Studio Solution File, Format Version 12.00
# Visual Studio Version 16
VisualStudioVersion = 16.0.31702.278
MinimumVisualStudioVersion = 10.0.40219.1
Project("{FAE04EC0-301F-11D3-BF4B-00C04F79EFBC}") = "Corteos", "Corteos\Corteos.csproj", "{F7BCAF5A-77CB-4F3A-8EAA-AFC60D7CB455}"
EndProject
Project("{E53339B2-1760-4266-BCC7-CA923CBCF16C}") = "docker-compose", "docker-compose.dcproj", "{DB443DF3-E799-48A0-A3E7-D932FAB146D7}"
EndProject
Global
	GlobalSection(SolutionConfigurationPlatforms) = preSolution
		Debug|Any CPU = Debug|Any CPU
		Release|Any CPU = Release|Any CPU
	EndGlobalSection
	GlobalSection(ProjectConfigurationPlatforms) = postSolution
		{F7BCAF5A-77CB-4F3A-8EAA-AFC60D7CB455}.Debug|Any CPU.ActiveCfg = Debug|Any CPU
		{F7BCAF5A-77CB-4F3A-8EAA-AFC60D7CB455}.Debug|Any CPU.Build.0 = Debug|Any CPU
		{F7BCAF5A-77CB-4F3A-8EAA-AFC60D7CB455}.Release|Any CPU.ActiveCfg = Release|Any CPU
		{F7BCAF5A-77CB-4F3A-8EAA-AFC60D7CB455}.Release|Any CPU.Build.0 = Release|Any CPU
		{DB443DF3-E799-48A0-A3E7-D932FAB146D7}.Debug|Any CPU.ActiveCfg = Debug|Any CPU
		{DB443DF3-E799-48A0-A3E7-D932FAB146D7}.Debug|Any CPU.Build.0 = Debug|Any CPU
		{DB443DF3-E799-48A0-A3E7-D932FAB146D7}.Release|Any CPU.ActiveCfg = Release|Any CPU
		{DB443DF3-E799-48A0-A3E7-D932FAB146D7}.Release|Any CPU.Build.0 = Release|Any CPU
	EndGlobalSection
	GlobalSection(SolutionProperties) = preSolution
		HideSolutionNode = FALSE
	EndGlobalSection
	GlobalSection(ExtensibilityGlobals) = postSolution
		SolutionGuid = {93307017-AA82-4538-8977-F9448BA4AA3F}
	EndGlobalSection
EndGlobal
